
Microsoft Visual Studio Solution File, Format Version 12.00
# Visual Studio Version 17
VisualStudioVersion = 17.0.31903.59
MinimumVisualStudioVersion = 10.0.40219.1
Project("{2150E333-8FDC-42A3-9474-1A3956D46DE8}") = "src", "src", "{827E0CD3-B72D-47B6-A68D-7590B98EB39B}"
EndProject
Project("{FAE04EC0-301F-11D3-BF4B-00C04F79EFBC}") = "ReCap.Parser.Core", "src\ReCap.Parser.Core\ReCap.Parser.Core.csproj", "{7FA9527C-4E69-4DCC-A56C-BF2D325D7FE9}"
EndProject
Project("{FAE04EC0-301F-11D3-BF4B-00C04F79EFBC}") = "ReCap.Parser.Editor", "src\ReCap.Parser.Editor\ReCap.Parser.Editor.csproj", "{9DB22CF8-922E-4AA5-98E2-585D728AE24D}"
EndProject
Global
	GlobalSection(SolutionConfigurationPlatforms) = preSolution
		Debug|Any CPU = Debug|Any CPU
		Debug|x64 = Debug|x64
		Debug|x86 = Debug|x86
		Release|Any CPU = Release|Any CPU
		Release|x64 = Release|x64
		Release|x86 = Release|x86
	EndGlobalSection
	GlobalSection(ProjectConfigurationPlatforms) = postSolution
		{7FA9527C-4E69-4DCC-A56C-BF2D325D7FE9}.Debug|Any CPU.ActiveCfg = Debug|Any CPU
		{7FA9527C-4E69-4DCC-A56C-BF2D325D7FE9}.Debug|Any CPU.Build.0 = Debug|Any CPU
		{7FA9527C-4E69-4DCC-A56C-BF2D325D7FE9}.Debug|x64.ActiveCfg = Debug|Any CPU
		{7FA9527C-4E69-4DCC-A56C-BF2D325D7FE9}.Debug|x64.Build.0 = Debug|Any CPU
		{7FA9527C-4E69-4DCC-A56C-BF2D325D7FE9}.Debug|x86.ActiveCfg = Debug|Any CPU
		{7FA9527C-4E69-4DCC-A56C-BF2D325D7FE9}.Debug|x86.Build.0 = Debug|Any CPU
		{7FA9527C-4E69-4DCC-A56C-BF2D325D7FE9}.Release|Any CPU.ActiveCfg = Release|Any CPU
		{7FA9527C-4E69-4DCC-A56C-BF2D325D7FE9}.Release|Any CPU.Build.0 = Release|Any CPU
		{7FA9527C-4E69-4DCC-A56C-BF2D325D7FE9}.Release|x64.ActiveCfg = Release|Any CPU
		{7FA9527C-4E69-4DCC-A56C-BF2D325D7FE9}.Release|x64.Build.0 = Release|Any CPU
		{7FA9527C-4E69-4DCC-A56C-BF2D325D7FE9}.Release|x86.ActiveCfg = Release|Any CPU
		{7FA9527C-4E69-4DCC-A56C-BF2D325D7FE9}.Release|x86.Build.0 = Release|Any CPU
		{9DB22CF8-922E-4AA5-98E2-585D728AE24D}.Debug|Any CPU.ActiveCfg = Debug|Any CPU
		{9DB22CF8-922E-4AA5-98E2-585D728AE24D}.Debug|Any CPU.Build.0 = Debug|Any CPU
		{9DB22CF8-922E-4AA5-98E2-585D728AE24D}.Debug|x64.ActiveCfg = Debug|Any CPU
		{9DB22CF8-922E-4AA5-98E2-585D728AE24D}.Debug|x64.Build.0 = Debug|Any CPU
		{9DB22CF8-922E-4AA5-98E2-585D728AE24D}.Debug|x86.ActiveCfg = Debug|Any CPU
		{9DB22CF8-922E-4AA5-98E2-585D728AE24D}.Debug|x86.Build.0 = Debug|Any CPU
		{9DB22CF8-922E-4AA5-98E2-585D728AE24D}.Release|Any CPU.ActiveCfg = Release|Any CPU
		{9DB22CF8-922E-4AA5-98E2-585D728AE24D}.Release|Any CPU.Build.0 = Release|Any CPU
		{9DB22CF8-922E-4AA5-98E2-585D728AE24D}.Release|x64.ActiveCfg = Release|Any CPU
		{9DB22CF8-922E-4AA5-98E2-585D728AE24D}.Release|x64.Build.0 = Release|Any CPU
		{9DB22CF8-922E-4AA5-98E2-585D728AE24D}.Release|x86.ActiveCfg = Release|Any CPU
		{9DB22CF8-922E-4AA5-98E2-585D728AE24D}.Release|x86.Build.0 = Release|Any CPU
	EndGlobalSection
	GlobalSection(SolutionProperties) = preSolution
		HideSolutionNode = FALSE
	EndGlobalSection
	GlobalSection(NestedProjects) = preSolution
		{7FA9527C-4E69-4DCC-A56C-BF2D325D7FE9} = {827E0CD3-B72D-47B6-A68D-7590B98EB39B}
		{9DB22CF8-922E-4AA5-98E2-585D728AE24D} = {827E0CD3-B72D-47B6-A68D-7590B98EB39B}
	EndGlobalSection
EndGlobal
